
Microsoft Visual Studio Solution File, Format Version 12.00
# Visual Studio Version 16
VisualStudioVersion = 16.0.31129.286
MinimumVisualStudioVersion = 10.0.40219.1
Project("{FAE04EC0-301F-11D3-BF4B-00C04F79EFBC}") = "agroland", "agroland\agroland.csproj", "{930CF7F7-CD59-4A5B-84D1-728FA92C544D}"
EndProject
Global
	GlobalSection(SolutionConfigurationPlatforms) = preSolution
		Debug|Any CPU = Debug|Any CPU
		Release|Any CPU = Release|Any CPU
	EndGlobalSection
	GlobalSection(ProjectConfigurationPlatforms) = postSolution
		{930CF7F7-CD59-4A5B-84D1-728FA92C544D}.Debug|Any CPU.ActiveCfg = Debug|Any CPU
		{930CF7F7-CD59-4A5B-84D1-728FA92C544D}.Debug|Any CPU.Build.0 = Debug|Any CPU
		{930CF7F7-CD59-4A5B-84D1-728FA92C544D}.Release|Any CPU.ActiveCfg = Release|Any CPU
		{930CF7F7-CD59-4A5B-84D1-728FA92C544D}.Release|Any CPU.Build.0 = Release|Any CPU
	EndGlobalSection
	GlobalSection(SolutionProperties) = preSolution
		HideSolutionNode = FALSE
	EndGlobalSection
	GlobalSection(ExtensibilityGlobals) = postSolution
		SolutionGuid = {165EBCA8-C792-4C06-B070-F1B1C4F2F3DF}
	EndGlobalSection
EndGlobal
